// !$*UTF8*$!
{
	archiveVersion = 1;
	classes = {
	};
	objectVersion = 77;
	objects = {

/* Begin PBXBuildFile section */
		07B225EF5A882D62287C671C /* TFNInPlaceTests.m in Sources */ = {isa = PBXBuildFile; fileRef = EC6067A0A80D68276F981F90 /* TFNInPlaceTests.m */; };
		0CFEE452D9D0F6AE212A32BF /* TFNNormalizer.m in Sources */ = {isa = PBXBuildFile; fileRef = 5A8730CDBA8FE6CF12E5857B /* TFNNormalizer.m */; };
		1D8154107F2548AA28D1B5F3 /* TFNCLITests.m in Sources */ = {isa = PBXBuildFile; fileRef = 496EFC1C7BBD657D1708FD27 /* TFNCLITests.m */; };
		3DDD31106674C925084D02FD /* TFNExposureRange.m in Sources */ = {isa = PBXBuildFile; fileRef = 247429A7083AACB02C275C30 /* TFNExposureRange.m */; };
		4F0B096F466339C0EA81F384 /* TFNMetalNormalizer.m in Sources */ = {isa = PBXBuildFile; fileRef = E154D608778D55D1AD4D8EFB /* TFNMetalNormalizer.m */; };
		53E85B5138AEB0E3267759E8 /* TFNExposureRangeTests.m in Sources */ = {isa = PBXBuildFile; fileRef = E155FE573354FA9FBD965C76 /* TFNExposureRangeTests.m */; };
		6E882B841F42FCBF5928E417 /* TFNProgressTests.m in Sources */ = {isa = PBXBuildFile; fileRef = C7C3B045488F4772C110E053 /* TFNProgressTests.m */; };
		732C45A0B5B1421E02D0F6A7 /* TFNMetalNormalizerTests.m in Sources */ = {isa = PBXBuildFile; fileRef = A9D2C34D52EB7D8373A3D89C /* TFNMetalNormalizerTests.m */; };
		7D5A8FA9BC8EE36E45166EAB /* TFNTIFFReader.m in Sources */ = {isa = PBXBuildFile; fileRef = AA748C5793430A64C0319BEA /* TFNTIFFReader.m */; };
		94E9E4CA3B92BB2373C8039F /* TFNCPUNormalizer.m in Sources */ = {isa = PBXBuildFile; fileRef = 58D0F9AEF5D0BC254765C165 /* TFNCPUNormalizer.m */; };
		98C20B2EDB74E44A325709FF /* TFNTIFFWriter.m in Sources */ = {isa = PBXBuildFile; fileRef = 1612952C377B137E1DB62125 /* TFNTIFFWriter.m */; };
		A13C60490AA03688B0E3E7B2 /* TFNCPUNormalizer.m in Sources */ = {isa = PBXBuildFile; fileRef = 58D0F9AEF5D0BC254765C165 /* TFNCPUNormalizer.m */; };
		A20A79A24CAE9151FC82A719 /* TFNTIFFWriterTests.m in Sources */ = {isa = PBXBuildFile; fileRef = 00E398D33D331D78C8577B9C /* TFNTIFFWriterTests.m */; };
		C36632A3510FEB4AA049EA44 /* TFNExposureRange.m in Sources */ = {isa = PBXBuildFile; fileRef = 247429A7083AACB02C275C30 /* TFNExposureRange.m */; };
		C7C939201384C862378FC2F0 /* TFNTIFFReader.m in Sources */ = {isa = PBXBuildFile; fileRef = AA748C5793430A64C0319BEA /* TFNTIFFReader.m */; };
		D7844737915DCFCD01A79762 /* TFNTestFixtures.m in Sources */ = {isa = PBXBuildFile; fileRef = B4C9B726CB0FADF1FB259824 /* TFNTestFixtures.m */; };
		DC48D9248D0B4445952EF34D /* TFNEdgeCaseTests.m in Sources */ = {isa = PBXBuildFile; fileRef = 96B6EA79B902F311B808BDA1 /* TFNEdgeCaseTests.m */; };
		DE5352F5D06130573CF7EB0B /* TFNMetalNormalizer.m in Sources */ = {isa = PBXBuildFile; fileRef = E154D608778D55D1AD4D8EFB /* TFNMetalNormalizer.m */; };
		E195239C03E3752C07502FD3 /* TFNTIFFReaderTests.m in Sources */ = {isa = PBXBuildFile; fileRef = 7A742A7D782A5A8F8561C63C /* TFNTIFFReaderTests.m */; };
		E2904341DA3B631CE177ED6E /* main.m in Sources */ = {isa = PBXBuildFile; fileRef = 7744BDEFDD3BAF61786D9223 /* main.m */; };
		F0B5AF5E5246619F51905DC8 /* TFNEndToEndTests.m in Sources */ = {isa = PBXBuildFile; fileRef = B54FF1E57E0343ABF7C266C4 /* TFNEndToEndTests.m */; };
		F4A770FBF28DBB5D73128CB3 /* TFNTIFFWriter.m in Sources */ = {isa = PBXBuildFile; fileRef = 1612952C377B137E1DB62125 /* TFNTIFFWriter.m */; };
		FBCE55C36566A324F9EA01BB /* TFNNormalizer.m in Sources */ = {isa = PBXBuildFile; fileRef = 5A8730CDBA8FE6CF12E5857B /* TFNNormalizer.m */; };
		FCE9442ED176EDBBF706DE68 /* TFNCPUNormalizerTests.m in Sources */ = {isa = PBXBuildFile; fileRef = 27C735F9CBCD6EC26D0C6114 /* TFNCPUNormalizerTests.m */; };
/* End PBXBuildFile section */

/* Begin PBXContainerItemProxy section */
		07CDC32784D11A9B5E888426 /* PBXContainerItemProxy */ = {
			isa = PBXContainerItemProxy;
			containerPortal = 0E35632E371D174D58400C96 /* Project object */;
			proxyType = 1;
			remoteGlobalIDString = 4F750F12AF9D418C5DDC9A7B;
			remoteInfo = tiffen;
		};
/* End PBXContainerItemProxy section */

/* Begin PBXFileReference section */
		00E398D33D331D78C8577B9C /* TFNTIFFWriterTests.m */ = {isa = PBXFileReference; lastKnownFileType = sourcecode.c.objc; path = TFNTIFFWriterTests.m; sourceTree = "<group>"; };
		1612952C377B137E1DB62125 /* TFNTIFFWriter.m */ = {isa = PBXFileReference; lastKnownFileType = sourcecode.c.objc; path = TFNTIFFWriter.m; sourceTree = "<group>"; };
		1C9896ADEE8403A719D8C154 /* tiffenTests.xctest */ = {isa = PBXFileReference; explicitFileType = wrapper.cfbundle; includeInIndex = 0; path = tiffenTests.xctest; sourceTree = BUILT_PRODUCTS_DIR; };
		247429A7083AACB02C275C30 /* TFNExposureRange.m */ = {isa = PBXFileReference; lastKnownFileType = sourcecode.c.objc; path = TFNExposureRange.m; sourceTree = "<group>"; };
		25BEE505FBA8804F4795B26F /* tiffen */ = {isa = PBXFileReference; includeInIndex = 0; path = tiffen; sourceTree = BUILT_PRODUCTS_DIR; };
		27C735F9CBCD6EC26D0C6114 /* TFNCPUNormalizerTests.m */ = {isa = PBXFileReference; lastKnownFileType = sourcecode.c.objc; path = TFNCPUNormalizerTests.m; sourceTree = "<group>"; };
		28636B9D976DA6F262DA2583 /* TFNCPUNormalizer.h */ = {isa = PBXFileReference; lastKnownFileType = sourcecode.c.h; path = TFNCPUNormalizer.h; sourceTree = "<group>"; };
		496EFC1C7BBD657D1708FD27 /* TFNCLITests.m */ = {isa = PBXFileReference; lastKnownFileType = sourcecode.c.objc; path = TFNCLITests.m; sourceTree = "<group>"; };
		4EF74B7B9B74CA4D694CCCD0 /* TFNNormalizer.h */ = {isa = PBXFileReference; lastKnownFileType = sourcecode.c.h; path = TFNNormalizer.h; sourceTree = "<group>"; };
		58D0F9AEF5D0BC254765C165 /* TFNCPUNormalizer.m */ = {isa = PBXFileReference; lastKnownFileType = sourcecode.c.objc; path = TFNCPUNormalizer.m; sourceTree = "<group>"; };
		5A8730CDBA8FE6CF12E5857B /* TFNNormalizer.m */ = {isa = PBXFileReference; lastKnownFileType = sourcecode.c.objc; path = TFNNormalizer.m; sourceTree = "<group>"; };
		7744BDEFDD3BAF61786D9223 /* main.m */ = {isa = PBXFileReference; lastKnownFileType = sourcecode.c.objc; path = main.m; sourceTree = "<group>"; };
		7A742A7D782A5A8F8561C63C /* TFNTIFFReaderTests.m */ = {isa = PBXFileReference; lastKnownFileType = sourcecode.c.objc; path = TFNTIFFReaderTests.m; sourceTree = "<group>"; };
		89C4E41375518D4B224A9F62 /* TFNExposureRange.h */ = {isa = PBXFileReference; lastKnownFileType = sourcecode.c.h; path = TFNExposureRange.h; sourceTree = "<group>"; };
		96B6EA79B902F311B808BDA1 /* TFNEdgeCaseTests.m */ = {isa = PBXFileReference; lastKnownFileType = sourcecode.c.objc; path = TFNEdgeCaseTests.m; sourceTree = "<group>"; };
		A0727E37B0D9131B4EC9DE52 /* TFNTIFFReader.h */ = {isa = PBXFileReference; lastKnownFileType = sourcecode.c.h; path = TFNTIFFReader.h; sourceTree = "<group>"; };
		A9D2C34D52EB7D8373A3D89C /* TFNMetalNormalizerTests.m */ = {isa = PBXFileReference; lastKnownFileType = sourcecode.c.objc; path = TFNMetalNormalizerTests.m; sourceTree = "<group>"; };
		AA748C5793430A64C0319BEA /* TFNTIFFReader.m */ = {isa = PBXFileReference; lastKnownFileType = sourcecode.c.objc; path = TFNTIFFReader.m; sourceTree = "<group>"; };
		B4C9B726CB0FADF1FB259824 /* TFNTestFixtures.m */ = {isa = PBXFileReference; lastKnownFileType = sourcecode.c.objc; path = TFNTestFixtures.m; sourceTree = "<group>"; };
		B54FF1E57E0343ABF7C266C4 /* TFNEndToEndTests.m */ = {isa = PBXFileReference; lastKnownFileType = sourcecode.c.objc; path = TFNEndToEndTests.m; sourceTree = "<group>"; };
		BE422AC1188FCA2DD6352E52 /* TFNTestFixtures.h */ = {isa = PBXFileReference; lastKnownFileType = sourcecode.c.h; path = TFNTestFixtures.h; sourceTree = "<group>"; };
		C64D13EE89D0984B0497FE64 /* TFNMetalNormalizer.h */ = {isa = PBXFileReference; lastKnownFileType = sourcecode.c.h; path = TFNMetalNormalizer.h; sourceTree = "<group>"; };
		C7C3B045488F4772C110E053 /* TFNProgressTests.m */ = {isa = PBXFileReference; lastKnownFileType = sourcecode.c.objc; path = TFNProgressTests.m; sourceTree = "<group>"; };
		E154D608778D55D1AD4D8EFB /* TFNMetalNormalizer.m */ = {isa = PBXFileReference; lastKnownFileType = sourcecode.c.objc; path = TFNMetalNormalizer.m; sourceTree = "<group>"; };
		E155FE573354FA9FBD965C76 /* TFNExposureRangeTests.m */ = {isa = PBXFileReference; lastKnownFileType = sourcecode.c.objc; path = TFNExposureRangeTests.m; sourceTree = "<group>"; };
		EC6067A0A80D68276F981F90 /* TFNInPlaceTests.m */ = {isa = PBXFileReference; lastKnownFileType = sourcecode.c.objc; path = TFNInPlaceTests.m; sourceTree = "<group>"; };
		ED8D67B5D755A6901FBBE5DA /* TFNTIFFWriter.h */ = {isa = PBXFileReference; lastKnownFileType = sourcecode.c.h; path = TFNTIFFWriter.h; sourceTree = "<group>"; };
/* End PBXFileReference section */

/* Begin PBXGroup section */
		1F8EEC469AB0443013496E57 /* unit */ = {
			isa = PBXGroup;
			children = (
				27C735F9CBCD6EC26D0C6114 /* TFNCPUNormalizerTests.m */,
				E155FE573354FA9FBD965C76 /* TFNExposureRangeTests.m */,
				A9D2C34D52EB7D8373A3D89C /* TFNMetalNormalizerTests.m */,
				7A742A7D782A5A8F8561C63C /* TFNTIFFReaderTests.m */,
				00E398D33D331D78C8577B9C /* TFNTIFFWriterTests.m */,
			);
			path = unit;
			sourceTree = "<group>";
		};
		3EB2CF22CCAFF2B6EFAA749E /* Products */ = {
			isa = PBXGroup;
			children = (
				25BEE505FBA8804F4795B26F /* tiffen */,
				1C9896ADEE8403A719D8C154 /* tiffenTests.xctest */,
			);
			name = Products;
			sourceTree = "<group>";
		};
		4C5FC598A28A33794CBB8470 /* tests */ = {
			isa = PBXGroup;
			children = (
				BE422AC1188FCA2DD6352E52 /* TFNTestFixtures.h */,
				B4C9B726CB0FADF1FB259824 /* TFNTestFixtures.m */,
				681B0E478207BBBBBD036AB9 /* integration */,
				1F8EEC469AB0443013496E57 /* unit */,
			);
			path = tests;
			sourceTree = "<group>";
		};
		681B0E478207BBBBBD036AB9 /* integration */ = {
			isa = PBXGroup;
			children = (
				496EFC1C7BBD657D1708FD27 /* TFNCLITests.m */,
				96B6EA79B902F311B808BDA1 /* TFNEdgeCaseTests.m */,
				B54FF1E57E0343ABF7C266C4 /* TFNEndToEndTests.m */,
				EC6067A0A80D68276F981F90 /* TFNInPlaceTests.m */,
				C7C3B045488F4772C110E053 /* TFNProgressTests.m */,
			);
			path = integration;
			sourceTree = "<group>";
		};
		B5ABB7A7DF1EDC33A7106FA6 /* src */ = {
			isa = PBXGroup;
			children = (
				7744BDEFDD3BAF61786D9223 /* main.m */,
				28636B9D976DA6F262DA2583 /* TFNCPUNormalizer.h */,
				58D0F9AEF5D0BC254765C165 /* TFNCPUNormalizer.m */,
				89C4E41375518D4B224A9F62 /* TFNExposureRange.h */,
				247429A7083AACB02C275C30 /* TFNExposureRange.m */,
				C64D13EE89D0984B0497FE64 /* TFNMetalNormalizer.h */,
				E154D608778D55D1AD4D8EFB /* TFNMetalNormalizer.m */,
				4EF74B7B9B74CA4D694CCCD0 /* TFNNormalizer.h */,
				5A8730CDBA8FE6CF12E5857B /* TFNNormalizer.m */,
				A0727E37B0D9131B4EC9DE52 /* TFNTIFFReader.h */,
				AA748C5793430A64C0319BEA /* TFNTIFFReader.m */,
				ED8D67B5D755A6901FBBE5DA /* TFNTIFFWriter.h */,
				1612952C377B137E1DB62125 /* TFNTIFFWriter.m */,
			);
			path = src;
			sourceTree = "<group>";
		};
		C46C5075D9BFCA26664908AB = {
			isa = PBXGroup;
			children = (
				B5ABB7A7DF1EDC33A7106FA6 /* src */,
				4C5FC598A28A33794CBB8470 /* tests */,
				3EB2CF22CCAFF2B6EFAA749E /* Products */,
			);
			sourceTree = "<group>";
		};
/* End PBXGroup section */

/* Begin PBXNativeTarget section */
		1E626B4FB5936450FDDAD6D5 /* tiffenTests */ = {
			isa = PBXNativeTarget;
			buildConfigurationList = 34AAFB46122FAE4B140FBF17 /* Build configuration list for PBXNativeTarget "tiffenTests" */;
			buildPhases = (
				4F58F4847A488AE0F23CB202 /* Sources */,
			);
			buildRules = (
			);
			dependencies = (
				A042DC18862BA53470DC5741 /* PBXTargetDependency */,
			);
			name = tiffenTests;
			packageProductDependencies = (
			);
			productName = tiffenTests;
			productReference = 1C9896ADEE8403A719D8C154 /* tiffenTests.xctest */;
			productType = "com.apple.product-type.bundle.unit-test";
		};
		4F750F12AF9D418C5DDC9A7B /* tiffen */ = {
			isa = PBXNativeTarget;
			buildConfigurationList = F3A4CFA5D5BF18413AAF5C46 /* Build configuration list for PBXNativeTarget "tiffen" */;
			buildPhases = (
				6D0AA73DFBAA4B27A398B012 /* Compile Metal Shaders */,
				DC3E79A92FDB65C3136F39BC /* Sources */,
			);
			buildRules = (
			);
			dependencies = (
			);
			name = tiffen;
			packageProductDependencies = (
			);
			productName = tiffen;
			productReference = 25BEE505FBA8804F4795B26F /* tiffen */;
			productType = "com.apple.product-type.tool";
		};
/* End PBXNativeTarget section */

/* Begin PBXProject section */
		0E35632E371D174D58400C96 /* Project object */ = {
			isa = PBXProject;
			attributes = {
				BuildIndependentTargetsInParallel = YES;
				LastUpgradeCheck = 1500;
				TargetAttributes = {
				};
			};
			buildConfigurationList = 813D1F6112C4065A3AF6A256 /* Build configuration list for PBXProject "tiffen" */;
			developmentRegion = en;
			hasScannedForEncodings = 0;
			knownRegions = (
				Base,
				en,
			);
			mainGroup = C46C5075D9BFCA26664908AB;
			minimizedProjectReferenceProxies = 1;
			preferredProjectObjectVersion = 77;
			productRefGroup = 3EB2CF22CCAFF2B6EFAA749E /* Products */;
			projectDirPath = "";
			projectRoot = "";
			targets = (
				4F750F12AF9D418C5DDC9A7B /* tiffen */,
				1E626B4FB5936450FDDAD6D5 /* tiffenTests */,
			);
		};
/* End PBXProject section */

/* Begin PBXShellScriptBuildPhase section */
		6D0AA73DFBAA4B27A398B012 /* Compile Metal Shaders */ = {
			isa = PBXShellScriptBuildPhase;
			buildActionMask = 2147483647;
			files = (
			);
			inputFileListPaths = (
			);
			inputPaths = (
				"$(SRCROOT)/src/Shaders/normalize.metal",
			);
			name = "Compile Metal Shaders";
			outputFileListPaths = (
			);
			outputPaths = (
				"$(BUILT_PRODUCTS_DIR)/default.metallib",
			);
			runOnlyForDeploymentPostprocessing = 0;
			shellPath = /bin/sh;
			shellScript = "set -e\nMETAL_SOURCE=\"${SRCROOT}/src/Shaders/normalize.metal\"\nif [ -f \"$METAL_SOURCE\" ]; then\n  xcrun metal -c \"$METAL_SOURCE\" -o \"${DERIVED_FILE_DIR}/normalize.air\"\n  xcrun metallib \"${DERIVED_FILE_DIR}/normalize.air\" -o \"${BUILT_PRODUCTS_DIR}/default.metallib\"\nfi\n";
		};
/* End PBXShellScriptBuildPhase section */

/* Begin PBXSourcesBuildPhase section */
		4F58F4847A488AE0F23CB202 /* Sources */ = {
			isa = PBXSourcesBuildPhase;
			buildActionMask = 2147483647;
			files = (
				1D8154107F2548AA28D1B5F3 /* TFNCLITests.m in Sources */,
				A13C60490AA03688B0E3E7B2 /* TFNCPUNormalizer.m in Sources */,
				FCE9442ED176EDBBF706DE68 /* TFNCPUNormalizerTests.m in Sources */,
				DC48D9248D0B4445952EF34D /* TFNEdgeCaseTests.m in Sources */,
				F0B5AF5E5246619F51905DC8 /* TFNEndToEndTests.m in Sources */,
				C36632A3510FEB4AA049EA44 /* TFNExposureRange.m in Sources */,
				53E85B5138AEB0E3267759E8 /* TFNExposureRangeTests.m in Sources */,
				07B225EF5A882D62287C671C /* TFNInPlaceTests.m in Sources */,
				4F0B096F466339C0EA81F384 /* TFNMetalNormalizer.m in Sources */,
				732C45A0B5B1421E02D0F6A7 /* TFNMetalNormalizerTests.m in Sources */,
				0CFEE452D9D0F6AE212A32BF /* TFNNormalizer.m in Sources */,
				6E882B841F42FCBF5928E417 /* TFNProgressTests.m in Sources */,
				7D5A8FA9BC8EE36E45166EAB /* TFNTIFFReader.m in Sources */,
				E195239C03E3752C07502FD3 /* TFNTIFFReaderTests.m in Sources */,
				98C20B2EDB74E44A325709FF /* TFNTIFFWriter.m in Sources */,
				A20A79A24CAE9151FC82A719 /* TFNTIFFWriterTests.m in Sources */,
				D7844737915DCFCD01A79762 /* TFNTestFixtures.m in Sources */,
			);
			runOnlyForDeploymentPostprocessing = 0;
		};
		DC3E79A92FDB65C3136F39BC /* Sources */ = {
			isa = PBXSourcesBuildPhase;
			buildActionMask = 2147483647;
			files = (
				94E9E4CA3B92BB2373C8039F /* TFNCPUNormalizer.m in Sources */,
				3DDD31106674C925084D02FD /* TFNExposureRange.m in Sources */,
				DE5352F5D06130573CF7EB0B /* TFNMetalNormalizer.m in Sources */,
				FBCE55C36566A324F9EA01BB /* TFNNormalizer.m in Sources */,
				C7C939201384C862378FC2F0 /* TFNTIFFReader.m in Sources */,
				F4A770FBF28DBB5D73128CB3 /* TFNTIFFWriter.m in Sources */,
				E2904341DA3B631CE177ED6E /* main.m in Sources */,
			);
			runOnlyForDeploymentPostprocessing = 0;
		};
/* End PBXSourcesBuildPhase section */

/* Begin PBXTargetDependency section */
		A042DC18862BA53470DC5741 /* PBXTargetDependency */ = {
			isa = PBXTargetDependency;
			target = 4F750F12AF9D418C5DDC9A7B /* tiffen */;
			targetProxy = 07CDC32784D11A9B5E888426 /* PBXContainerItemProxy */;
		};
/* End PBXTargetDependency section */

/* Begin XCBuildConfiguration section */
		049B031925A21B3AE50D134C /* Debug */ = {
			isa = XCBuildConfiguration;
			buildSettings = {
				ALWAYS_SEARCH_USER_PATHS = NO;
				CLANG_ANALYZER_NONNULL = YES;
				CLANG_ANALYZER_NUMBER_OBJECT_CONVERSION = YES_AGGRESSIVE;
				CLANG_CXX_LANGUAGE_STANDARD = "gnu++14";
				CLANG_CXX_LIBRARY = "libc++";
				CLANG_ENABLE_MODULES = YES;
				CLANG_ENABLE_OBJC_ARC = YES;
				CLANG_ENABLE_OBJC_WEAK = YES;
				CLANG_WARN_BLOCK_CAPTURE_AUTORELEASING = YES;
				CLANG_WARN_BOOL_CONVERSION = YES;
				CLANG_WARN_COMMA = YES;
				CLANG_WARN_CONSTANT_CONVERSION = YES;
				CLANG_WARN_DEPRECATED_OBJC_IMPLEMENTATIONS = YES;
				CLANG_WARN_DIRECT_OBJC_ISA_USAGE = YES_ERROR;
				CLANG_WARN_DOCUMENTATION_COMMENTS = NO;
				CLANG_WARN_EMPTY_BODY = YES;
				CLANG_WARN_ENUM_CONVERSION = YES;
				CLANG_WARN_INFINITE_RECURSION = YES;
				CLANG_WARN_INT_CONVERSION = YES;
				CLANG_WARN_NON_LITERAL_NULL_CONVERSION = YES;
				CLANG_WARN_OBJC_IMPLICIT_RETAIN_SELF = YES;
				CLANG_WARN_OBJC_LITERAL_CONVERSION = YES;
				CLANG_WARN_OBJC_ROOT_CLASS = YES_ERROR;
				CLANG_WARN_QUOTED_INCLUDE_IN_FRAMEWORK_HEADER = YES;
				CLANG_WARN_RANGE_LOOP_ANALYSIS = YES;
				CLANG_WARN_STRICT_PROTOTYPES = YES;
				CLANG_WARN_SUSPICIOUS_MOVE = YES;
				CLANG_WARN_UNGUARDED_AVAILABILITY = YES_AGGRESSIVE;
				CLANG_WARN_UNREACHABLE_CODE = YES;
				CLANG_WARN__DUPLICATE_METHOD_MATCH = YES;
				COPY_PHASE_STRIP = NO;
				DEBUG_INFORMATION_FORMAT = dwarf;
				ENABLE_STRICT_OBJC_MSGSEND = YES;
				ENABLE_TESTABILITY = YES;
				GCC_C_LANGUAGE_STANDARD = gnu11;
				GCC_DYNAMIC_NO_PIC = NO;
				GCC_NO_COMMON_BLOCKS = YES;
				GCC_OPTIMIZATION_LEVEL = 0;
				GCC_PREPROCESSOR_DEFINITIONS = (
					"$(inherited)",
					"DEBUG=1",
				);
				GCC_WARN_64_TO_32_BIT_CONVERSION = YES;
				GCC_WARN_ABOUT_RETURN_TYPE = YES_ERROR;
				GCC_WARN_UNDECLARED_SELECTOR = YES;
				GCC_WARN_UNINITIALIZED_AUTOS = YES_AGGRESSIVE;
				GCC_WARN_UNUSED_FUNCTION = YES;
				GCC_WARN_UNUSED_VARIABLE = YES;
				MACOSX_DEPLOYMENT_TARGET = 14.0;
				MTL_ENABLE_DEBUG_INFO = INCLUDE_SOURCE;
				MTL_FAST_MATH = YES;
				ONLY_ACTIVE_ARCH = YES;
				PRODUCT_NAME = "$(TARGET_NAME)";
				SDKROOT = macosx;
				SWIFT_ACTIVE_COMPILATION_CONDITIONS = DEBUG;
				SWIFT_OPTIMIZATION_LEVEL = "-Onone";
				SWIFT_VERSION = 5.0;
			};
			name = Debug;
		};
		1EEC62498D6F20C7DBB37848 /* Release */ = {
			isa = XCBuildConfiguration;
			buildSettings = {
				BUNDLE_LOADER = "$(TEST_HOST)";
				COMBINE_HIDPI_IMAGES = YES;
				GCC_PREPROCESSOR_DEFINITIONS = (
					"TIFFEN_VERSION=\\\"0.1.0\\\"",
				);
				GENERATE_INFOPLIST_FILE = YES;
				HEADER_SEARCH_PATHS = (
					"$(SRCROOT)/src",
					/opt/homebrew/include,
				);
				LD_RUNPATH_SEARCH_PATHS = (
					"$(inherited)",
					"@executable_path/../Frameworks",
					"@loader_path/../Frameworks",
				);
				LIBRARY_SEARCH_PATHS = (
					/opt/homebrew/lib,
				);
				OTHER_LDFLAGS = (
					"-ltiff",
					"-lz",
				);
				PRODUCT_BUNDLE_IDENTIFIER = com.tiffen.tiffenTests;
				SDKROOT = macosx;
			};
			name = Release;
		};
		49B234AE5D7E8E6C3FCDF343 /* Debug */ = {
			isa = XCBuildConfiguration;
			buildSettings = {
				COMBINE_HIDPI_IMAGES = YES;
				GCC_PREPROCESSOR_DEFINITIONS = (
					"TIFFEN_VERSION=\\\"0.1.0\\\"",
				);
				HEADER_SEARCH_PATHS = (
					"$(SRCROOT)/src",
					/opt/homebrew/include,
				);
				LD_RUNPATH_SEARCH_PATHS = (
					"$(inherited)",
					"@executable_path/../Frameworks",
				);
				LIBRARY_SEARCH_PATHS = (
					/opt/homebrew/lib,
				);
				METAL_LIBRARY_OUTPUT_DIR = "$(BUILT_PRODUCTS_DIR)";
				MTL_HEADER_SEARCH_PATHS = "$(SRCROOT)/src/Shaders";
				OTHER_LDFLAGS = (
					"-ltiff",
					"-lz",
				);
				PRODUCT_BUNDLE_IDENTIFIER = com.tiffen.tiffen;
				SDKROOT = macosx;
			};
			name = Debug;
		};
		8236F6A3DDABAA17AA5E411E /* Release */ = {
			isa = XCBuildConfiguration;
			buildSettings = {
				ALWAYS_SEARCH_USER_PATHS = NO;
				CLANG_ANALYZER_NONNULL = YES;
				CLANG_ANALYZER_NUMBER_OBJECT_CONVERSION = YES_AGGRESSIVE;
				CLANG_CXX_LANGUAGE_STANDARD = "gnu++14";
				CLANG_CXX_LIBRARY = "libc++";
				CLANG_ENABLE_MODULES = YES;
				CLANG_ENABLE_OBJC_ARC = YES;
				CLANG_ENABLE_OBJC_WEAK = YES;
				CLANG_WARN_BLOCK_CAPTURE_AUTORELEASING = YES;
				CLANG_WARN_BOOL_CONVERSION = YES;
				CLANG_WARN_COMMA = YES;
				CLANG_WARN_CONSTANT_CONVERSION = YES;
				CLANG_WARN_DEPRECATED_OBJC_IMPLEMENTATIONS = YES;
				CLANG_WARN_DIRECT_OBJC_ISA_USAGE = YES_ERROR;
				CLANG_WARN_DOCUMENTATION_COMMENTS = NO;
				CLANG_WARN_EMPTY_BODY = YES;
				CLANG_WARN_ENUM_CONVERSION = YES;
				CLANG_WARN_INFINITE_RECURSION = YES;
				CLANG_WARN_INT_CONVERSION = YES;
				CLANG_WARN_NON_LITERAL_NULL_CONVERSION = YES;
				CLANG_WARN_OBJC_IMPLICIT_RETAIN_SELF = YES;
				CLANG_WARN_OBJC_LITERAL_CONVERSION = YES;
				CLANG_WARN_OBJC_ROOT_CLASS = YES_ERROR;
				CLANG_WARN_QUOTED_INCLUDE_IN_FRAMEWORK_HEADER = YES;
				CLANG_WARN_RANGE_LOOP_ANALYSIS = YES;
				CLANG_WARN_STRICT_PROTOTYPES = YES;
				CLANG_WARN_SUSPICIOUS_MOVE = YES;
				CLANG_WARN_UNGUARDED_AVAILABILITY = YES_AGGRESSIVE;
				CLANG_WARN_UNREACHABLE_CODE = YES;
				CLANG_WARN__DUPLICATE_METHOD_MATCH = YES;
				COPY_PHASE_STRIP = NO;
				DEBUG_INFORMATION_FORMAT = "dwarf-with-dsym";
				ENABLE_NS_ASSERTIONS = NO;
				ENABLE_STRICT_OBJC_MSGSEND = YES;
				GCC_C_LANGUAGE_STANDARD = gnu11;
				GCC_NO_COMMON_BLOCKS = YES;
				GCC_WARN_64_TO_32_BIT_CONVERSION = YES;
				GCC_WARN_ABOUT_RETURN_TYPE = YES_ERROR;
				GCC_WARN_UNDECLARED_SELECTOR = YES;
				GCC_WARN_UNINITIALIZED_AUTOS = YES_AGGRESSIVE;
				GCC_WARN_UNUSED_FUNCTION = YES;
				GCC_WARN_UNUSED_VARIABLE = YES;
				MACOSX_DEPLOYMENT_TARGET = 14.0;
				MTL_ENABLE_DEBUG_INFO = NO;
				MTL_FAST_MATH = YES;
				PRODUCT_NAME = "$(TARGET_NAME)";
				SDKROOT = macosx;
				SWIFT_COMPILATION_MODE = wholemodule;
				SWIFT_OPTIMIZATION_LEVEL = "-O";
				SWIFT_VERSION = 5.0;
			};
			name = Release;
		};
		E9632F880DEE26342BE86CC9 /* Release */ = {
			isa = XCBuildConfiguration;
			buildSettings = {
				COMBINE_HIDPI_IMAGES = YES;
				GCC_PREPROCESSOR_DEFINITIONS = (
					"TIFFEN_VERSION=\\\"0.1.0\\\"",
				);
				HEADER_SEARCH_PATHS = (
					"$(SRCROOT)/src",
					/opt/homebrew/include,
				);
				LD_RUNPATH_SEARCH_PATHS = (
					"$(inherited)",
					"@executable_path/../Frameworks",
				);
				LIBRARY_SEARCH_PATHS = (
					/opt/homebrew/lib,
				);
				METAL_LIBRARY_OUTPUT_DIR = "$(BUILT_PRODUCTS_DIR)";
				MTL_HEADER_SEARCH_PATHS = "$(SRCROOT)/src/Shaders";
				OTHER_LDFLAGS = (
					"-ltiff",
					"-lz",
				);
				PRODUCT_BUNDLE_IDENTIFIER = com.tiffen.tiffen;
				SDKROOT = macosx;
			};
			name = Release;
		};
		EC5567B026C88461294F235E /* Debug */ = {
			isa = XCBuildConfiguration;
			buildSettings = {
				BUNDLE_LOADER = "$(TEST_HOST)";
				COMBINE_HIDPI_IMAGES = YES;
				GCC_PREPROCESSOR_DEFINITIONS = (
					"TIFFEN_VERSION=\\\"0.1.0\\\"",
				);
				GENERATE_INFOPLIST_FILE = YES;
				HEADER_SEARCH_PATHS = (
					"$(SRCROOT)/src",
					/opt/homebrew/include,
				);
				LD_RUNPATH_SEARCH_PATHS = (
					"$(inherited)",
					"@executable_path/../Frameworks",
					"@loader_path/../Frameworks",
				);
				LIBRARY_SEARCH_PATHS = (
					/opt/homebrew/lib,
				);
				OTHER_LDFLAGS = (
					"-ltiff",
					"-lz",
				);
				PRODUCT_BUNDLE_IDENTIFIER = com.tiffen.tiffenTests;
				SDKROOT = macosx;
			};
			name = Debug;
		};
/* End XCBuildConfiguration section */

/* Begin XCConfigurationList section */
		34AAFB46122FAE4B140FBF17 /* Build configuration list for PBXNativeTarget "tiffenTests" */ = {
			isa = XCConfigurationList;
			buildConfigurations = (
				EC5567B026C88461294F235E /* Debug */,
				1EEC62498D6F20C7DBB37848 /* Release */,
			);
			defaultConfigurationIsVisible = 0;
			defaultConfigurationName = Debug;
		};
		813D1F6112C4065A3AF6A256 /* Build configuration list for PBXProject "tiffen" */ = {
			isa = XCConfigurationList;
			buildConfigurations = (
				049B031925A21B3AE50D134C /* Debug */,
				8236F6A3DDABAA17AA5E411E /* Release */,
			);
			defaultConfigurationIsVisible = 0;
			defaultConfigurationName = Debug;
		};
		F3A4CFA5D5BF18413AAF5C46 /* Build configuration list for PBXNativeTarget "tiffen" */ = {
			isa = XCConfigurationList;
			buildConfigurations = (
				49B234AE5D7E8E6C3FCDF343 /* Debug */,
				E9632F880DEE26342BE86CC9 /* Release */,
			);
			defaultConfigurationIsVisible = 0;
			defaultConfigurationName = Debug;
		};
/* End XCConfigurationList section */
	};
	rootObject = 0E35632E371D174D58400C96 /* Project object */;
}
